{
  "name": "keydb-multi-master",
  "version": "1.0.0",
  "lockfileVersion": 2,
  "requires": true,
  "packages": {
    "": {
      "name": "keydb-multi-master",
      "version": "1.0.0",
      "license": "ISC",
      "dependencies": {
        "console-log-level": "^1.4.1",
        "fast-date-format": "^2.2.4",
        "get-input": "^0.1.3",
        "minimist": "^1.2.6",
        "node-dig-dns": "^0.2.12",
        "socket-retry-connect": "^0.0.1"
      }
    },
    "node_modules/@babel/runtime": {
      "version": "7.17.2",
      "resolved": "https://registry.npmjs.org/@babel/runtime/-/runtime-7.17.2.tgz",
      "integrity": "sha512-hzeyJyMA1YGdJTuWU0e/j4wKXrU4OMFvY2MSlaI9B7VQb0r5cxTE3EAIS2Q7Tn2RIcDkRvTA/v2JsAEhxe99uw==",
      "dependencies": {
        "regenerator-runtime": "^0.13.4"
      },
      "engines": {
        "node": ">=6.9.0"
      }
    },
    "node_modules/console-log-level": {
      "version": "1.4.1",
      "resolved": "https://registry.npmjs.org/console-log-level/-/console-log-level-1.4.1.tgz",
      "integrity": "sha512-VZzbIORbP+PPcN/gg3DXClTLPLg5Slwd5fL2MIc+o1qZ4BXBvWyc6QxPk6T/Mkr6IVjRpoAGf32XxP3ZWMVRcQ=="
    },
    "node_modules/debug": {
      "version": "4.3.3",
      "resolved": "https://registry.npmjs.org/debug/-/debug-4.3.3.tgz",
      "integrity": "sha512-/zxw5+vh1Tfv+4Qn7a5nsbcJKPaSvCDhojn6FEl9vupwK2VCSDtEiEtqr8DFtzYFOdz63LBkxec7DYuc2jon6Q==",
      "dependencies": {
        "ms": "2.1.2"
      },
      "engines": {
        "node": ">=6.0"
      },
      "peerDependenciesMeta": {
        "supports-color": {
          "optional": true
        }
      }
    },
    "node_modules/fast-date-format": {
      "version": "2.2.4",
      "resolved": "https://registry.npmjs.org/fast-date-format/-/fast-date-format-2.2.4.tgz",
      "integrity": "sha512-fORzXXlA1Z63P3JYaABaG1Z0eub1ghUuZuq+Z4Xh7KZlJejbwOUXgFAz74W5o0ilkGg9925Xd9DwM/aQByYdwg==",
      "engines": {
        "node": ">=8"
      }
    },
    "node_modules/get-input": {
      "version": "0.1.3",
      "resolved": "https://registry.npmjs.org/get-input/-/get-input-0.1.3.tgz",
      "integrity": "sha1-URRdvRx2lJSDgqHYfUCeAMSE+1E="
    },
    "node_modules/lodash.compact": {
      "version": "3.0.1",
      "resolved": "https://registry.npmjs.org/lodash.compact/-/lodash.compact-3.0.1.tgz",
      "integrity": "sha1-VAzjg3dFl1gHRx4WtKK6IeclbKU="
    },
    "node_modules/minimist": {
      "version": "1.2.6",
      "resolved": "https://registry.npmjs.org/minimist/-/minimist-1.2.6.tgz",
      "integrity": "sha512-Jsjnk4bw3YJqYzbdyBiNsPWHPfO++UGG749Cxs6peCu5Xg4nrena6OVxOYxrQTqww0Jmwt+Ref8rggumkTLz9Q=="
    },
    "node_modules/ms": {
      "version": "2.1.2",
      "resolved": "https://registry.npmjs.org/ms/-/ms-2.1.2.tgz",
      "integrity": "sha512-sGkPx+VjMtmA6MX27oA4FBFELFCZZ4S4XqeGOXCv68tT+jb3vk/RyaKWP0PTKyWtmLSM0b+adUTEvbs1PEaH2w=="
    },
    "node_modules/node-dig-dns": {
      "version": "0.2.12",
      "resolved": "https://registry.npmjs.org/node-dig-dns/-/node-dig-dns-0.2.12.tgz",
      "integrity": "sha512-9JyAW3R7PbuYvmKjYq4yk12VdGGAwssOFEezG1igE9PlH5/3ZKJrKl7Ll90ae3DDyloXAtpuLV3G+5cJREG9UQ==",
      "dependencies": {
        "@babel/runtime": "^7.11.2",
        "lodash.compact": "^3.0.1"
      }
    },
    "node_modules/regenerator-runtime": {
      "version": "0.13.9",
      "resolved": "https://registry.npmjs.org/regenerator-runtime/-/regenerator-runtime-0.13.9.tgz",
      "integrity": "sha512-p3VT+cOEgxFsRRA9X4lkI1E+k2/CtnKtU4gcxyaCUreilL/vqI6CdZ3wxVUx3UOUg+gnUOQQcRI7BmSI656MYA=="
    },
    "node_modules/socket-retry-connect": {
      "version": "0.0.1",
      "resolved": "https://registry.npmjs.org/socket-retry-connect/-/socket-retry-connect-0.0.1.tgz",
      "integrity": "sha1-atx02z5DEAMg0dJdkeUSvWAhjEs=",
      "dependencies": {
        "debug": "*"
      }
    }
  },
  "dependencies": {
    "@babel/runtime": {
      "version": "7.17.2",
      "resolved": "https://registry.npmjs.org/@babel/runtime/-/runtime-7.17.2.tgz",
      "integrity": "sha512-hzeyJyMA1YGdJTuWU0e/j4wKXrU4OMFvY2MSlaI9B7VQb0r5cxTE3EAIS2Q7Tn2RIcDkRvTA/v2JsAEhxe99uw==",
      "requires": {
        "regenerator-runtime": "^0.13.4"
      }
    },
    "console-log-level": {
      "version": "1.4.1",
      "resolved": "https://registry.npmjs.org/console-log-level/-/console-log-level-1.4.1.tgz",
      "integrity": "sha512-VZzbIORbP+PPcN/gg3DXClTLPLg5Slwd5fL2MIc+o1qZ4BXBvWyc6QxPk6T/Mkr6IVjRpoAGf32XxP3ZWMVRcQ=="
    },
    "debug": {
      "version": "4.3.3",
      "resolved": "https://registry.npmjs.org/debug/-/debug-4.3.3.tgz",
      "integrity": "sha512-/zxw5+vh1Tfv+4Qn7a5nsbcJKPaSvCDhojn6FEl9vupwK2VCSDtEiEtqr8DFtzYFOdz63LBkxec7DYuc2jon6Q==",
      "requires": {
        "ms": "2.1.2"
      }
    },
    "fast-date-format": {
      "version": "2.2.4",
      "resolved": "https://registry.npmjs.org/fast-date-format/-/fast-date-format-2.2.4.tgz",
      "integrity": "sha512-fORzXXlA1Z63P3JYaABaG1Z0eub1ghUuZuq+Z4Xh7KZlJejbwOUXgFAz74W5o0ilkGg9925Xd9DwM/aQByYdwg=="
    },
    "get-input": {
      "version": "0.1.3",
      "resolved": "https://registry.npmjs.org/get-input/-/get-input-0.1.3.tgz",
      "integrity": "sha1-URRdvRx2lJSDgqHYfUCeAMSE+1E="
    },
    "lodash.compact": {
      "version": "3.0.1",
      "resolved": "https://registry.npmjs.org/lodash.compact/-/lodash.compact-3.0.1.tgz",
      "integrity": "sha1-VAzjg3dFl1gHRx4WtKK6IeclbKU="
    },
    "minimist": {
      "version": "1.2.6",
      "resolved": "https://registry.npmjs.org/minimist/-/minimist-1.2.6.tgz",
      "integrity": "sha512-Jsjnk4bw3YJqYzbdyBiNsPWHPfO++UGG749Cxs6peCu5Xg4nrena6OVxOYxrQTqww0Jmwt+Ref8rggumkTLz9Q=="
    },
    "ms": {
      "version": "2.1.2",
      "resolved": "https://registry.npmjs.org/ms/-/ms-2.1.2.tgz",
      "integrity": "sha512-sGkPx+VjMtmA6MX27oA4FBFELFCZZ4S4XqeGOXCv68tT+jb3vk/RyaKWP0PTKyWtmLSM0b+adUTEvbs1PEaH2w=="
    },
    "node-dig-dns": {
      "version": "0.2.12",
      "resolved": "https://registry.npmjs.org/node-dig-dns/-/node-dig-dns-0.2.12.tgz",
      "integrity": "sha512-9JyAW3R7PbuYvmKjYq4yk12VdGGAwssOFEezG1igE9PlH5/3ZKJrKl7Ll90ae3DDyloXAtpuLV3G+5cJREG9UQ==",
      "requires": {
        "@babel/runtime": "^7.11.2",
        "lodash.compact": "^3.0.1"
      }
    },
    "regenerator-runtime": {
      "version": "0.13.9",
      "resolved": "https://registry.npmjs.org/regenerator-runtime/-/regenerator-runtime-0.13.9.tgz",
      "integrity": "sha512-p3VT+cOEgxFsRRA9X4lkI1E+k2/CtnKtU4gcxyaCUreilL/vqI6CdZ3wxVUx3UOUg+gnUOQQcRI7BmSI656MYA=="
    },
    "socket-retry-connect": {
      "version": "0.0.1",
      "resolved": "https://registry.npmjs.org/socket-retry-connect/-/socket-retry-connect-0.0.1.tgz",
      "integrity": "sha1-atx02z5DEAMg0dJdkeUSvWAhjEs=",
      "requires": {
        "debug": "*"
      }
    }
  }
}
